
Microsoft Visual Studio Solution File, Format Version 12.00
# Visual Studio Version 16
VisualStudioVersion = 16.0.29509.3
MinimumVisualStudioVersion = 10.0.40219.1
Project("{9A19103F-16F7-4668-BE54-9A1E7A4F7556}") = "Base.Project", "Obras\Base.Project.csproj", "{B694A75A-F9DB-4B6F-857A-BE68C5D1F131}"
EndProject
Global
	GlobalSection(SolutionConfigurationPlatforms) = preSolution
		Debug|Any CPU = Debug|Any CPU
		Release|Any CPU = Release|Any CPU
	EndGlobalSection
	GlobalSection(ProjectConfigurationPlatforms) = postSolution
		{B694A75A-F9DB-4B6F-857A-BE68C5D1F131}.Debug|Any CPU.ActiveCfg = Debug|Any CPU
		{B694A75A-F9DB-4B6F-857A-BE68C5D1F131}.Debug|Any CPU.Build.0 = Debug|Any CPU
		{B694A75A-F9DB-4B6F-857A-BE68C5D1F131}.Release|Any CPU.ActiveCfg = Release|Any CPU
		{B694A75A-F9DB-4B6F-857A-BE68C5D1F131}.Release|Any CPU.Build.0 = Release|Any CPU
		{2D23BEA8-B080-4753-AEFF-156510DFAE38}.Debug|Any CPU.ActiveCfg = Debug|Any CPU
		{2D23BEA8-B080-4753-AEFF-156510DFAE38}.Debug|Any CPU.Build.0 = Debug|Any CPU
		{2D23BEA8-B080-4753-AEFF-156510DFAE38}.Release|Any CPU.ActiveCfg = Release|Any CPU
		{2D23BEA8-B080-4753-AEFF-156510DFAE38}.Release|Any CPU.Build.0 = Release|Any CPU
		{5382901E-2083-4911-94B6-487BB3C75410}.Debug|Any CPU.ActiveCfg = Debug|Any CPU
		{5382901E-2083-4911-94B6-487BB3C75410}.Debug|Any CPU.Build.0 = Debug|Any CPU
		{5382901E-2083-4911-94B6-487BB3C75410}.Release|Any CPU.ActiveCfg = Release|Any CPU
		{5382901E-2083-4911-94B6-487BB3C75410}.Release|Any CPU.Build.0 = Release|Any CPU
	EndGlobalSection
	GlobalSection(SolutionProperties) = preSolution
		HideSolutionNode = FALSE
	EndGlobalSection
	GlobalSection(ExtensibilityGlobals) = postSolution
		SolutionGuid = {B080B52D-3DD8-4CE8-9F85-C10293F60C85}
	EndGlobalSection
EndGlobal
